
Microsoft Visual Studio Solution File, Format Version 12.00
# Visual Studio Version 16
VisualStudioVersion = 16.0.31019.35
MinimumVisualStudioVersion = 10.0.40219.1
Project("{FAE04EC0-301F-11D3-BF4B-00C04F79EFBC}") = "DependencyService_Xamarin.Android", "DependencyService-Xamarin\DependencyService-Xamarin.Android\DependencyService_Xamarin.Android.csproj", "{D7B5ACED-4338-4D00-95C0-D092A3B2DB64}"
EndProject
Project("{FAE04EC0-301F-11D3-BF4B-00C04F79EFBC}") = "DependencyService_Xamarin.iOS", "DependencyService-Xamarin\DependencyService-Xamarin.iOS\DependencyService_Xamarin.iOS.csproj", "{A27382DF-59A2-44F0-B8CC-CD1BD4367ED6}"
EndProject
Project("{9A19103F-16F7-4668-BE54-9A1E7A4F7556}") = "DependencyService_Xamarin", "DependencyService-Xamarin\DependencyService-Xamarin\DependencyService_Xamarin.csproj", "{BC38380D-7292-42D6-BCBD-0ACFAE6B1F3E}"
EndProject
Global
	GlobalSection(SolutionConfigurationPlatforms) = preSolution
		Debug|Any CPU = Debug|Any CPU
		Debug|iPhone = Debug|iPhone
		Debug|iPhoneSimulator = Debug|iPhoneSimulator
		Release|Any CPU = Release|Any CPU
		Release|iPhone = Release|iPhone
		Release|iPhoneSimulator = Release|iPhoneSimulator
	EndGlobalSection
	GlobalSection(ProjectConfigurationPlatforms) = postSolution
		{D7B5ACED-4338-4D00-95C0-D092A3B2DB64}.Debug|Any CPU.ActiveCfg = Debug|Any CPU
		{D7B5ACED-4338-4D00-95C0-D092A3B2DB64}.Debug|Any CPU.Build.0 = Debug|Any CPU
		{D7B5ACED-4338-4D00-95C0-D092A3B2DB64}.Debug|Any CPU.Deploy.0 = Debug|Any CPU
		{D7B5ACED-4338-4D00-95C0-D092A3B2DB64}.Debug|iPhone.ActiveCfg = Debug|Any CPU
		{D7B5ACED-4338-4D00-95C0-D092A3B2DB64}.Debug|iPhone.Build.0 = Debug|Any CPU
		{D7B5ACED-4338-4D00-95C0-D092A3B2DB64}.Debug|iPhone.Deploy.0 = Debug|Any CPU
		{D7B5ACED-4338-4D00-95C0-D092A3B2DB64}.Debug|iPhoneSimulator.ActiveCfg = Debug|Any CPU
		{D7B5ACED-4338-4D00-95C0-D092A3B2DB64}.Debug|iPhoneSimulator.Build.0 = Debug|Any CPU
		{D7B5ACED-4338-4D00-95C0-D092A3B2DB64}.Debug|iPhoneSimulator.Deploy.0 = Debug|Any CPU
		{D7B5ACED-4338-4D00-95C0-D092A3B2DB64}.Release|Any CPU.ActiveCfg = Release|Any CPU
		{D7B5ACED-4338-4D00-95C0-D092A3B2DB64}.Release|Any CPU.Build.0 = Release|Any CPU
		{D7B5ACED-4338-4D00-95C0-D092A3B2DB64}.Release|Any CPU.Deploy.0 = Release|Any CPU
		{D7B5ACED-4338-4D00-95C0-D092A3B2DB64}.Release|iPhone.ActiveCfg = Release|Any CPU
		{D7B5ACED-4338-4D00-95C0-D092A3B2DB64}.Release|iPhone.Build.0 = Release|Any CPU
		{D7B5ACED-4338-4D00-95C0-D092A3B2DB64}.Release|iPhone.Deploy.0 = Release|Any CPU
		{D7B5ACED-4338-4D00-95C0-D092A3B2DB64}.Release|iPhoneSimulator.ActiveCfg = Release|Any CPU
		{D7B5ACED-4338-4D00-95C0-D092A3B2DB64}.Release|iPhoneSimulator.Build.0 = Release|Any CPU
		{D7B5ACED-4338-4D00-95C0-D092A3B2DB64}.Release|iPhoneSimulator.Deploy.0 = Release|Any CPU
		{A27382DF-59A2-44F0-B8CC-CD1BD4367ED6}.Debug|Any CPU.ActiveCfg = Debug|iPhone
		{A27382DF-59A2-44F0-B8CC-CD1BD4367ED6}.Debug|Any CPU.Build.0 = Debug|iPhone
		{A27382DF-59A2-44F0-B8CC-CD1BD4367ED6}.Debug|Any CPU.Deploy.0 = Debug|iPhone
		{A27382DF-59A2-44F0-B8CC-CD1BD4367ED6}.Debug|iPhone.ActiveCfg = Debug|iPhone
		{A27382DF-59A2-44F0-B8CC-CD1BD4367ED6}.Debug|iPhone.Build.0 = Debug|iPhone
		{A27382DF-59A2-44F0-B8CC-CD1BD4367ED6}.Debug|iPhone.Deploy.0 = Debug|iPhone
		{A27382DF-59A2-44F0-B8CC-CD1BD4367ED6}.Debug|iPhoneSimulator.ActiveCfg = Debug|iPhoneSimulator
		{A27382DF-59A2-44F0-B8CC-CD1BD4367ED6}.Debug|iPhoneSimulator.Build.0 = Debug|iPhoneSimulator
		{A27382DF-59A2-44F0-B8CC-CD1BD4367ED6}.Debug|iPhoneSimulator.Deploy.0 = Debug|iPhoneSimulator
		{A27382DF-59A2-44F0-B8CC-CD1BD4367ED6}.Release|Any CPU.ActiveCfg = Release|iPhoneSimulator
		{A27382DF-59A2-44F0-B8CC-CD1BD4367ED6}.Release|Any CPU.Build.0 = Release|iPhoneSimulator
		{A27382DF-59A2-44F0-B8CC-CD1BD4367ED6}.Release|Any CPU.Deploy.0 = Release|iPhoneSimulator
		{A27382DF-59A2-44F0-B8CC-CD1BD4367ED6}.Release|iPhone.ActiveCfg = Release|iPhone
		{A27382DF-59A2-44F0-B8CC-CD1BD4367ED6}.Release|iPhone.Build.0 = Release|iPhone
		{A27382DF-59A2-44F0-B8CC-CD1BD4367ED6}.Release|iPhone.Deploy.0 = Release|iPhone
		{A27382DF-59A2-44F0-B8CC-CD1BD4367ED6}.Release|iPhoneSimulator.ActiveCfg = Release|iPhoneSimulator
		{A27382DF-59A2-44F0-B8CC-CD1BD4367ED6}.Release|iPhoneSimulator.Build.0 = Release|iPhoneSimulator
		{A27382DF-59A2-44F0-B8CC-CD1BD4367ED6}.Release|iPhoneSimulator.Deploy.0 = Release|iPhoneSimulator
		{BC38380D-7292-42D6-BCBD-0ACFAE6B1F3E}.Debug|Any CPU.ActiveCfg = Debug|Any CPU
		{BC38380D-7292-42D6-BCBD-0ACFAE6B1F3E}.Debug|Any CPU.Build.0 = Debug|Any CPU
		{BC38380D-7292-42D6-BCBD-0ACFAE6B1F3E}.Debug|Any CPU.Deploy.0 = Debug|Any CPU
		{BC38380D-7292-42D6-BCBD-0ACFAE6B1F3E}.Debug|iPhone.ActiveCfg = Debug|Any CPU
		{BC38380D-7292-42D6-BCBD-0ACFAE6B1F3E}.Debug|iPhone.Build.0 = Debug|Any CPU
		{BC38380D-7292-42D6-BCBD-0ACFAE6B1F3E}.Debug|iPhone.Deploy.0 = Debug|Any CPU
		{BC38380D-7292-42D6-BCBD-0ACFAE6B1F3E}.Debug|iPhoneSimulator.ActiveCfg = Debug|Any CPU
		{BC38380D-7292-42D6-BCBD-0ACFAE6B1F3E}.Debug|iPhoneSimulator.Build.0 = Debug|Any CPU
		{BC38380D-7292-42D6-BCBD-0ACFAE6B1F3E}.Debug|iPhoneSimulator.Deploy.0 = Debug|Any CPU
		{BC38380D-7292-42D6-BCBD-0ACFAE6B1F3E}.Release|Any CPU.ActiveCfg = Release|Any CPU
		{BC38380D-7292-42D6-BCBD-0ACFAE6B1F3E}.Release|Any CPU.Build.0 = Release|Any CPU
		{BC38380D-7292-42D6-BCBD-0ACFAE6B1F3E}.Release|Any CPU.Deploy.0 = Release|Any CPU
		{BC38380D-7292-42D6-BCBD-0ACFAE6B1F3E}.Release|iPhone.ActiveCfg = Release|Any CPU
		{BC38380D-7292-42D6-BCBD-0ACFAE6B1F3E}.Release|iPhone.Build.0 = Release|Any CPU
		{BC38380D-7292-42D6-BCBD-0ACFAE6B1F3E}.Release|iPhone.Deploy.0 = Release|Any CPU
		{BC38380D-7292-42D6-BCBD-0ACFAE6B1F3E}.Release|iPhoneSimulator.ActiveCfg = Release|Any CPU
		{BC38380D-7292-42D6-BCBD-0ACFAE6B1F3E}.Release|iPhoneSimulator.Build.0 = Release|Any CPU
		{BC38380D-7292-42D6-BCBD-0ACFAE6B1F3E}.Release|iPhoneSimulator.Deploy.0 = Release|Any CPU
	EndGlobalSection
	GlobalSection(SolutionProperties) = preSolution
		HideSolutionNode = FALSE
	EndGlobalSection
	GlobalSection(ExtensibilityGlobals) = postSolution
		SolutionGuid = {FDC213E2-D685-49FB-9A5B-895D3527A956}
	EndGlobalSection
EndGlobal
